
Microsoft Visual Studio Solution File, Format Version 12.00
# Visual Studio Version 16
VisualStudioVersion = 16.0.30204.135
MinimumVisualStudioVersion = 10.0.40219.1
Project("{9A19103F-16F7-4668-BE54-9A1E7A4F7556}") = "HelpersLibStd", "HelpersLib\HelpersLibStd.csproj", "{7AF0DA50-4942-4545-8C3B-6EA37CC3E44C}"
EndProject
Global
	GlobalSection(SolutionConfigurationPlatforms) = preSolution
		Debug|Any CPU = Debug|Any CPU
		Release|Any CPU = Release|Any CPU
	EndGlobalSection
	GlobalSection(ProjectConfigurationPlatforms) = postSolution
		{7AF0DA50-4942-4545-8C3B-6EA37CC3E44C}.Debug|Any CPU.ActiveCfg = Debug|Any CPU
		{7AF0DA50-4942-4545-8C3B-6EA37CC3E44C}.Debug|Any CPU.Build.0 = Debug|Any CPU
		{7AF0DA50-4942-4545-8C3B-6EA37CC3E44C}.Release|Any CPU.ActiveCfg = Release|Any CPU
		{7AF0DA50-4942-4545-8C3B-6EA37CC3E44C}.Release|Any CPU.Build.0 = Release|Any CPU
	EndGlobalSection
	GlobalSection(SolutionProperties) = preSolution
		HideSolutionNode = FALSE
	EndGlobalSection
	GlobalSection(ExtensibilityGlobals) = postSolution
		SolutionGuid = {64DF0817-E220-44D4-81D2-F81496589D1A}
	EndGlobalSection
EndGlobal
